
Microsoft Visual Studio Solution File, Format Version 12.00
# Visual Studio Version 17
VisualStudioVersion = 17.4.33213.308
MinimumVisualStudioVersion = 10.0.40219.1
Project("{FAE04EC0-301F-11D3-BF4B-00C04F79EFBC}") = "RazorPagesMovie", "RazorPagesMovie\RazorPagesMovie.csproj", "{77643178-B103-49CB-BA68-5CD306F1FAD5}"
EndProject
Global
	GlobalSection(SolutionConfigurationPlatforms) = preSolution
		Debug|Any CPU = Debug|Any CPU
		Release|Any CPU = Release|Any CPU
	EndGlobalSection
	GlobalSection(ProjectConfigurationPlatforms) = postSolution
		{77643178-B103-49CB-BA68-5CD306F1FAD5}.Debug|Any CPU.ActiveCfg = Debug|Any CPU
		{77643178-B103-49CB-BA68-5CD306F1FAD5}.Debug|Any CPU.Build.0 = Debug|Any CPU
		{77643178-B103-49CB-BA68-5CD306F1FAD5}.Release|Any CPU.ActiveCfg = Release|Any CPU
		{77643178-B103-49CB-BA68-5CD306F1FAD5}.Release|Any CPU.Build.0 = Release|Any CPU
	EndGlobalSection
	GlobalSection(SolutionProperties) = preSolution
		HideSolutionNode = FALSE
	EndGlobalSection
	GlobalSection(ExtensibilityGlobals) = postSolution
		SolutionGuid = {4B55ED21-CBDF-4FFC-A8FB-639D4F9E105F}
	EndGlobalSection
EndGlobal
